
Microsoft Visual Studio Solution File, Format Version 12.00
# Visual Studio Version 16
VisualStudioVersion = 16.0.29920.165
MinimumVisualStudioVersion = 10.0.40219.1
Project("{FAE04EC0-301F-11D3-BF4B-00C04F79EFBC}") = "APBD-CW5", "APBD-CW5\APBD-CW5.csproj", "{8E61B07B-2337-4312-9DD6-EF81588FBCBA}"
EndProject
Global
	GlobalSection(SolutionConfigurationPlatforms) = preSolution
		Debug|Any CPU = Debug|Any CPU
		Release|Any CPU = Release|Any CPU
	EndGlobalSection
	GlobalSection(ProjectConfigurationPlatforms) = postSolution
		{8E61B07B-2337-4312-9DD6-EF81588FBCBA}.Debug|Any CPU.ActiveCfg = Debug|Any CPU
		{8E61B07B-2337-4312-9DD6-EF81588FBCBA}.Debug|Any CPU.Build.0 = Debug|Any CPU
		{8E61B07B-2337-4312-9DD6-EF81588FBCBA}.Release|Any CPU.ActiveCfg = Release|Any CPU
		{8E61B07B-2337-4312-9DD6-EF81588FBCBA}.Release|Any CPU.Build.0 = Release|Any CPU
	EndGlobalSection
	GlobalSection(SolutionProperties) = preSolution
		HideSolutionNode = FALSE
	EndGlobalSection
	GlobalSection(ExtensibilityGlobals) = postSolution
		SolutionGuid = {BCBCF6ED-7978-45B6-8641-72C862C43127}
	EndGlobalSection
EndGlobal
